
Microsoft Visual Studio Solution File, Format Version 12.00
# Visual Studio 15
VisualStudioVersion = 15.0.26403.3
MinimumVisualStudioVersion = 10.0.40219.1
Project("{2150E333-8FDC-42A3-9474-1A3956D46DE8}") = "01 Core", "01 Core", "{343F7BDB-B7C0-43AF-9533-B05754B0EBFF}"
EndProject
Project("{2150E333-8FDC-42A3-9474-1A3956D46DE8}") = "02 Entity", "02 Entity", "{37170B4D-5C5F-40E0-8A5B-921838EC5856}"
EndProject
Project("{2150E333-8FDC-42A3-9474-1A3956D46DE8}") = "03 Service", "03 Service", "{1BDB0F74-B207-45AD-B379-0218EDB4EF91}"
EndProject
Project("{2150E333-8FDC-42A3-9474-1A3956D46DE8}") = "04 Business", "04 Business", "{344BAB65-56F0-4522-B249-94EDF6EACB24}"
EndProject
Project("{2150E333-8FDC-42A3-9474-1A3956D46DE8}") = "06 Application", "06 Application", "{7B55C801-5F66-4977-A935-E61709AF3329}"
EndProject
Project("{2150E333-8FDC-42A3-9474-1A3956D46DE8}") = "07 JobService", "07 JobService", "{E4A308AD-8123-4D94-AF5F-AA85126BD18E}"
EndProject
Project("{2150E333-8FDC-42A3-9474-1A3956D46DE8}") = "08 Test", "08 Test", "{500D4331-08D2-454E-89AB-C9858404CBC1}"
EndProject
Project("{FAE04EC0-301F-11D3-BF4B-00C04F79EFBC}") = "ElimWeChatSign.Model", "ElimWeChatSign.Model\ElimWeChatSign.Model.csproj", "{4CBB15C6-4B7E-43F6-944E-B6809EDF3017}"
EndProject
Project("{FAE04EC0-301F-11D3-BF4B-00C04F79EFBC}") = "ElimWeChatSign.Service", "ElimWeChatSign.Service\ElimWeChatSign.Service.csproj", "{02C7974E-8D57-44D2-8A18-C5323F3C3526}"
EndProject
Project("{FAE04EC0-301F-11D3-BF4B-00C04F79EFBC}") = "ElimWeChatSign.Business", "ElimWeChatSign.Business\ElimWeChatSign.Business.csproj", "{A351D64E-1D51-4270-BC05-EA1E3C3654D8}"
EndProject
Project("{FAE04EC0-301F-11D3-BF4B-00C04F79EFBC}") = "ElimWeChatSign.API", "ElimWeChatSign.API\ElimWeChatSign.API.csproj", "{7671BE4D-78ED-45B8-8327-FC58E5C92779}"
EndProject
Project("{FAE04EC0-301F-11D3-BF4B-00C04F79EFBC}") = "ElimWeChatSign.Test", "ElimWeChatSign.Test\ElimWeChatSign.Test.csproj", "{9DB9C301-29C4-40BD-99F3-716343A61BC8}"
EndProject
Project("{2150E333-8FDC-42A3-9474-1A3956D46DE8}") = "05 Adapter", "05 Adapter", "{7E24BB79-5C2C-4264-A5B1-10BFB719DF30}"
EndProject
Project("{FAE04EC0-301F-11D3-BF4B-00C04F79EFBC}") = "Titan", "Titan\Titan.csproj", "{0BC8D532-2680-4634-ADD1-46392736E193}"
EndProject
Project("{2150E333-8FDC-42A3-9474-1A3956D46DE8}") = "00 Refrences", "00 Refrences", "{81D25185-7A3F-4CCF-939A-01E2155216EE}"
	ProjectSection(SolutionItems) = preProject
		..\Files\Refrences\SharpConfig.dll = ..\Files\Refrences\SharpConfig.dll
	EndProjectSection
EndProject
Project("{FAE04EC0-301F-11D3-BF4B-00C04F79EFBC}") = "JaminHuang.Util", "..\..\..\Common\JaminHuang.Util\JaminHuang.Util.csproj", "{CE92E410-E71B-4CC8-A0AC-87E2AF60912A}"
EndProject
Project("{FAE04EC0-301F-11D3-BF4B-00C04F79EFBC}") = "JaminHuang.Core", "..\..\..\Common\JaminHuang.Core\JaminHuang.Core.csproj", "{228C39AB-7E1A-459F-A439-452BABE412D1}"
EndProject
Project("{FAE04EC0-301F-11D3-BF4B-00C04F79EFBC}") = "JaminHuang.Caching.Redis", "..\..\..\Common\JaminHuang.Caching.Redis\JaminHuang.Caching.Redis.csproj", "{5DB7AD6B-AF5C-442D-BA72-E6BC81BC6A62}"
EndProject
Project("{FAE04EC0-301F-11D3-BF4B-00C04F79EFBC}") = "JaminHuang.Caching", "..\..\..\Common\JaminHuang.Caching\JaminHuang.Caching.csproj", "{3DC488C6-2C52-443D-AF81-74D3EDB8D896}"
EndProject
Project("{FAE04EC0-301F-11D3-BF4B-00C04F79EFBC}") = "ElimWeChatSign.IBusiness", "ElimWeChatSign.IBusiness\ElimWeChatSign.IBusiness.csproj", "{5CF41DC0-3790-450C-98CE-E26005E495DF}"
EndProject
Global
	GlobalSection(SolutionConfigurationPlatforms) = preSolution
		Debug|Any CPU = Debug|Any CPU
		Release|Any CPU = Release|Any CPU
	EndGlobalSection
	GlobalSection(ProjectConfigurationPlatforms) = postSolution
		{4CBB15C6-4B7E-43F6-944E-B6809EDF3017}.Debug|Any CPU.ActiveCfg = Debug|Any CPU
		{4CBB15C6-4B7E-43F6-944E-B6809EDF3017}.Debug|Any CPU.Build.0 = Debug|Any CPU
		{4CBB15C6-4B7E-43F6-944E-B6809EDF3017}.Release|Any CPU.ActiveCfg = Release|Any CPU
		{4CBB15C6-4B7E-43F6-944E-B6809EDF3017}.Release|Any CPU.Build.0 = Release|Any CPU
		{02C7974E-8D57-44D2-8A18-C5323F3C3526}.Debug|Any CPU.ActiveCfg = Debug|Any CPU
		{02C7974E-8D57-44D2-8A18-C5323F3C3526}.Debug|Any CPU.Build.0 = Debug|Any CPU
		{02C7974E-8D57-44D2-8A18-C5323F3C3526}.Release|Any CPU.ActiveCfg = Release|Any CPU
		{02C7974E-8D57-44D2-8A18-C5323F3C3526}.Release|Any CPU.Build.0 = Release|Any CPU
		{A351D64E-1D51-4270-BC05-EA1E3C3654D8}.Debug|Any CPU.ActiveCfg = Debug|Any CPU
		{A351D64E-1D51-4270-BC05-EA1E3C3654D8}.Debug|Any CPU.Build.0 = Debug|Any CPU
		{A351D64E-1D51-4270-BC05-EA1E3C3654D8}.Release|Any CPU.ActiveCfg = Release|Any CPU
		{A351D64E-1D51-4270-BC05-EA1E3C3654D8}.Release|Any CPU.Build.0 = Release|Any CPU
		{7671BE4D-78ED-45B8-8327-FC58E5C92779}.Debug|Any CPU.ActiveCfg = Debug|Any CPU
		{7671BE4D-78ED-45B8-8327-FC58E5C92779}.Debug|Any CPU.Build.0 = Debug|Any CPU
		{7671BE4D-78ED-45B8-8327-FC58E5C92779}.Release|Any CPU.ActiveCfg = Release|Any CPU
		{7671BE4D-78ED-45B8-8327-FC58E5C92779}.Release|Any CPU.Build.0 = Release|Any CPU
		{9DB9C301-29C4-40BD-99F3-716343A61BC8}.Debug|Any CPU.ActiveCfg = Debug|Any CPU
		{9DB9C301-29C4-40BD-99F3-716343A61BC8}.Debug|Any CPU.Build.0 = Debug|Any CPU
		{9DB9C301-29C4-40BD-99F3-716343A61BC8}.Release|Any CPU.ActiveCfg = Release|Any CPU
		{9DB9C301-29C4-40BD-99F3-716343A61BC8}.Release|Any CPU.Build.0 = Release|Any CPU
		{0BC8D532-2680-4634-ADD1-46392736E193}.Debug|Any CPU.ActiveCfg = Debug|Any CPU
		{0BC8D532-2680-4634-ADD1-46392736E193}.Debug|Any CPU.Build.0 = Debug|Any CPU
		{0BC8D532-2680-4634-ADD1-46392736E193}.Release|Any CPU.ActiveCfg = Release|Any CPU
		{0BC8D532-2680-4634-ADD1-46392736E193}.Release|Any CPU.Build.0 = Release|Any CPU
		{CE92E410-E71B-4CC8-A0AC-87E2AF60912A}.Debug|Any CPU.ActiveCfg = Debug|Any CPU
		{CE92E410-E71B-4CC8-A0AC-87E2AF60912A}.Debug|Any CPU.Build.0 = Debug|Any CPU
		{CE92E410-E71B-4CC8-A0AC-87E2AF60912A}.Release|Any CPU.ActiveCfg = Release|Any CPU
		{CE92E410-E71B-4CC8-A0AC-87E2AF60912A}.Release|Any CPU.Build.0 = Release|Any CPU
		{228C39AB-7E1A-459F-A439-452BABE412D1}.Debug|Any CPU.ActiveCfg = Debug|Any CPU
		{228C39AB-7E1A-459F-A439-452BABE412D1}.Debug|Any CPU.Build.0 = Debug|Any CPU
		{228C39AB-7E1A-459F-A439-452BABE412D1}.Release|Any CPU.ActiveCfg = Release|Any CPU
		{228C39AB-7E1A-459F-A439-452BABE412D1}.Release|Any CPU.Build.0 = Release|Any CPU
		{5DB7AD6B-AF5C-442D-BA72-E6BC81BC6A62}.Debug|Any CPU.ActiveCfg = Debug|Any CPU
		{5DB7AD6B-AF5C-442D-BA72-E6BC81BC6A62}.Debug|Any CPU.Build.0 = Debug|Any CPU
		{5DB7AD6B-AF5C-442D-BA72-E6BC81BC6A62}.Release|Any CPU.ActiveCfg = Release|Any CPU
		{5DB7AD6B-AF5C-442D-BA72-E6BC81BC6A62}.Release|Any CPU.Build.0 = Release|Any CPU
		{3DC488C6-2C52-443D-AF81-74D3EDB8D896}.Debug|Any CPU.ActiveCfg = Debug|Any CPU
		{3DC488C6-2C52-443D-AF81-74D3EDB8D896}.Debug|Any CPU.Build.0 = Debug|Any CPU
		{3DC488C6-2C52-443D-AF81-74D3EDB8D896}.Release|Any CPU.ActiveCfg = Release|Any CPU
		{3DC488C6-2C52-443D-AF81-74D3EDB8D896}.Release|Any CPU.Build.0 = Release|Any CPU
		{5CF41DC0-3790-450C-98CE-E26005E495DF}.Debug|Any CPU.ActiveCfg = Debug|Any CPU
		{5CF41DC0-3790-450C-98CE-E26005E495DF}.Debug|Any CPU.Build.0 = Debug|Any CPU
		{5CF41DC0-3790-450C-98CE-E26005E495DF}.Release|Any CPU.ActiveCfg = Release|Any CPU
		{5CF41DC0-3790-450C-98CE-E26005E495DF}.Release|Any CPU.Build.0 = Release|Any CPU
	EndGlobalSection
	GlobalSection(SolutionProperties) = preSolution
		HideSolutionNode = FALSE
	EndGlobalSection
	GlobalSection(NestedProjects) = preSolution
		{4CBB15C6-4B7E-43F6-944E-B6809EDF3017} = {37170B4D-5C5F-40E0-8A5B-921838EC5856}
		{02C7974E-8D57-44D2-8A18-C5323F3C3526} = {1BDB0F74-B207-45AD-B379-0218EDB4EF91}
		{A351D64E-1D51-4270-BC05-EA1E3C3654D8} = {344BAB65-56F0-4522-B249-94EDF6EACB24}
		{7671BE4D-78ED-45B8-8327-FC58E5C92779} = {7B55C801-5F66-4977-A935-E61709AF3329}
		{9DB9C301-29C4-40BD-99F3-716343A61BC8} = {500D4331-08D2-454E-89AB-C9858404CBC1}
		{0BC8D532-2680-4634-ADD1-46392736E193} = {7E24BB79-5C2C-4264-A5B1-10BFB719DF30}
		{CE92E410-E71B-4CC8-A0AC-87E2AF60912A} = {343F7BDB-B7C0-43AF-9533-B05754B0EBFF}
		{228C39AB-7E1A-459F-A439-452BABE412D1} = {343F7BDB-B7C0-43AF-9533-B05754B0EBFF}
		{5DB7AD6B-AF5C-442D-BA72-E6BC81BC6A62} = {343F7BDB-B7C0-43AF-9533-B05754B0EBFF}
		{3DC488C6-2C52-443D-AF81-74D3EDB8D896} = {343F7BDB-B7C0-43AF-9533-B05754B0EBFF}
		{5CF41DC0-3790-450C-98CE-E26005E495DF} = {344BAB65-56F0-4522-B249-94EDF6EACB24}
	EndGlobalSection
	GlobalSection(ExtensibilityGlobals) = postSolution
		SolutionGuid = {84C03DFD-D589-4EB0-BF57-9B364FB649E4}
	EndGlobalSection
EndGlobal
